
Microsoft Visual Studio Solution File, Format Version 12.00
# Visual Studio Version 17
VisualStudioVersion = 17.3.32819.101
MinimumVisualStudioVersion = 10.0.40219.1
Project("{FAE04EC0-301F-11D3-BF4B-00C04F79EFBC}") = "LevnikolaevichBlog.Client", "LevnikolaevichBlog\LevnikolaevichBlog.Client.csproj", "{71E3E014-DBF1-46EE-855C-DCB0EDFDD259}"
EndProject
Global
	GlobalSection(SolutionConfigurationPlatforms) = preSolution
		Debug|Any CPU = Debug|Any CPU
		Release|Any CPU = Release|Any CPU
	EndGlobalSection
	GlobalSection(ProjectConfigurationPlatforms) = postSolution
		{71E3E014-DBF1-46EE-855C-DCB0EDFDD259}.Debug|Any CPU.ActiveCfg = Debug|Any CPU
		{71E3E014-DBF1-46EE-855C-DCB0EDFDD259}.Debug|Any CPU.Build.0 = Debug|Any CPU
		{71E3E014-DBF1-46EE-855C-DCB0EDFDD259}.Release|Any CPU.ActiveCfg = Release|Any CPU
		{71E3E014-DBF1-46EE-855C-DCB0EDFDD259}.Release|Any CPU.Build.0 = Release|Any CPU
	EndGlobalSection
	GlobalSection(SolutionProperties) = preSolution
		HideSolutionNode = FALSE
	EndGlobalSection
	GlobalSection(ExtensibilityGlobals) = postSolution
		SolutionGuid = {F2180897-A8F0-4458-A8C5-3E885F852789}
	EndGlobalSection
EndGlobal
